// !$*UTF8*$!
{
	archiveVersion = 1;
	classes = {
	};
	objectVersion = 50;
	objects = {

/* Begin PBXBuildFile section */
		7E0C8CB223BC9F5000FB482E /* AppDelegate.swift in Sources */ = {isa = PBXBuildFile; fileRef = 7E0C8CB123BC9F5000FB482E /* AppDelegate.swift */; };
		7E0C8CB423BC9F5000FB482E /* SceneDelegate.swift in Sources */ = {isa = PBXBuildFile; fileRef = 7E0C8CB323BC9F5000FB482E /* SceneDelegate.swift */; };
		7E0C8CB623BC9F5000FB482E /* ViewController.swift in Sources */ = {isa = PBXBuildFile; fileRef = 7E0C8CB523BC9F5000FB482E /* ViewController.swift */; };
		7E0C8CB923BC9F5000FB482E /* Main.storyboard in Resources */ = {isa = PBXBuildFile; fileRef = 7E0C8CB723BC9F5000FB482E /* Main.storyboard */; };
		7E0C8CBB23BC9F5100FB482E /* Assets.xcassets in Resources */ = {isa = PBXBuildFile; fileRef = 7E0C8CBA23BC9F5100FB482E /* Assets.xcassets */; };
		7E0C8CBE23BC9F5100FB482E /* LaunchScreen.storyboard in Resources */ = {isa = PBXBuildFile; fileRef = 7E0C8CBC23BC9F5100FB482E /* LaunchScreen.storyboard */; };
/* End PBXBuildFile section */

/* Begin PBXFileReference section */
		7E0C8CAE23BC9F5000FB482E /* DR Aid.app */ = {isa = PBXFileReference; explicitFileType = wrapper.application; includeInIndex = 0; path = "DR Aid.app"; sourceTree = BUILT_PRODUCTS_DIR; };
		7E0C8CB123BC9F5000FB482E /* AppDelegate.swift */ = {isa = PBXFileReference; lastKnownFileType = sourcecode.swift; path = AppDelegate.swift; sourceTree = "<group>"; };
		7E0C8CB323BC9F5000FB482E /* SceneDelegate.swift */ = {isa = PBXFileReference; lastKnownFileType = sourcecode.swift; path = SceneDelegate.swift; sourceTree = "<group>"; };
		7E0C8CB523BC9F5000FB482E /* ViewController.swift */ = {isa = PBXFileReference; lastKnownFileType = sourcecode.swift; path = ViewController.swift; sourceTree = "<group>"; };
		7E0C8CB823BC9F5000FB482E /* Base */ = {isa = PBXFileReference; lastKnownFileType = file.storyboard; name = Base; path = Base.lproj/Main.storyboard; sourceTree = "<group>"; };
		7E0C8CBA23BC9F5100FB482E /* Assets.xcassets */ = {isa = PBXFileReference; lastKnownFileType = folder.assetcatalog; path = Assets.xcassets; sourceTree = "<group>"; };
		7E0C8CBD23BC9F5100FB482E /* Base */ = {isa = PBXFileReference; lastKnownFileType = file.storyboard; name = Base; path = Base.lproj/LaunchScreen.storyboard; sourceTree = "<group>"; };
		7E0C8CBF23BC9F5100FB482E /* Info.plist */ = {isa = PBXFileReference; lastKnownFileType = text.plist.xml; path = Info.plist; sourceTree = "<group>"; };
/* End PBXFileReference section */

/* Begin PBXFrameworksBuildPhase section */
		7E0C8CAB23BC9F5000FB482E /* Frameworks */ = {
			isa = PBXFrameworksBuildPhase;
			buildActionMask = 2147483647;
			files = (
			);
			runOnlyForDeploymentPostprocessing = 0;
		};
/* End PBXFrameworksBuildPhase section */

/* Begin PBXGroup section */
		7E0C8CA523BC9F5000FB482E = {
			isa = PBXGroup;
			children = (
				7E0C8CB023BC9F5000FB482E /* DR Aid */,
				7E0C8CAF23BC9F5000FB482E /* Products */,
			);
			sourceTree = "<group>";
		};
		7E0C8CAF23BC9F5000FB482E /* Products */ = {
			isa = PBXGroup;
			children = (
				7E0C8CAE23BC9F5000FB482E /* DR Aid.app */,
			);
			name = Products;
			sourceTree = "<group>";
		};
		7E0C8CB023BC9F5000FB482E /* DR Aid */ = {
			isa = PBXGroup;
			children = (
				7E0C8CB123BC9F5000FB482E /* AppDelegate.swift */,
				7E0C8CB323BC9F5000FB482E /* SceneDelegate.swift */,
				7E0C8CB523BC9F5000FB482E /* ViewController.swift */,
				7E0C8CB723BC9F5000FB482E /* Main.storyboard */,
				7E0C8CBA23BC9F5100FB482E /* Assets.xcassets */,
				7E0C8CBC23BC9F5100FB482E /* LaunchScreen.storyboard */,
				7E0C8CBF23BC9F5100FB482E /* Info.plist */,
			);
			path = "DR Aid";
			sourceTree = "<group>";
		};
/* End PBXGroup section */

/* Begin PBXNativeTarget section */
		7E0C8CAD23BC9F5000FB482E /* DR Aid */ = {
			isa = PBXNativeTarget;
			buildConfigurationList = 7E0C8CC223BC9F5100FB482E /* Build configuration list for PBXNativeTarget "DR Aid" */;
			buildPhases = (
				7E0C8CAA23BC9F5000FB482E /* Sources */,
				7E0C8CAB23BC9F5000FB482E /* Frameworks */,
				7E0C8CAC23BC9F5000FB482E /* Resources */,
			);
			buildRules = (
			);
			dependencies = (
			);
			name = "DR Aid";
			productName = "DR Aid";
			productReference = 7E0C8CAE23BC9F5000FB482E /* DR Aid.app */;
			productType = "com.apple.product-type.application";
		};
/* End PBXNativeTarget section */

/* Begin PBXProject section */
		7E0C8CA623BC9F5000FB482E /* Project object */ = {
			isa = PBXProject;
			attributes = {
				LastSwiftUpdateCheck = 1120;
				LastUpgradeCheck = 1120;
				ORGANIZATIONNAME = "Greg Wu";
				TargetAttributes = {
					7E0C8CAD23BC9F5000FB482E = {
						CreatedOnToolsVersion = 11.2.1;
					};
				};
			};
			buildConfigurationList = 7E0C8CA923BC9F5000FB482E /* Build configuration list for PBXProject "DR Aid" */;
			compatibilityVersion = "Xcode 9.3";
			developmentRegion = en;
			hasScannedForEncodings = 0;
			knownRegions = (
				en,
				Base,
			);
			mainGroup = 7E0C8CA523BC9F5000FB482E;
			productRefGroup = 7E0C8CAF23BC9F5000FB482E /* Products */;
			projectDirPath = "";
			projectRoot = "";
			targets = (
				7E0C8CAD23BC9F5000FB482E /* DR Aid */,
			);
		};
/* End PBXProject section */

/* Begin PBXResourcesBuildPhase section */
		7E0C8CAC23BC9F5000FB482E /* Resources */ = {
			isa = PBXResourcesBuildPhase;
			buildActionMask = 2147483647;
			files = (
				7E0C8CBE23BC9F5100FB482E /* LaunchScreen.storyboard in Resources */,
				7E0C8CBB23BC9F5100FB482E /* Assets.xcassets in Resources */,
				7E0C8CB923BC9F5000FB482E /* Main.storyboard in Resources */,
			);
			runOnlyForDeploymentPostprocessing = 0;
		};
/* End PBXResourcesBuildPhase section */

/* Begin PBXSourcesBuildPhase section */
		7E0C8CAA23BC9F5000FB482E /* Sources */ = {
			isa = PBXSourcesBuildPhase;
			buildActionMask = 2147483647;
			files = (
				7E0C8CB623BC9F5000FB482E /* ViewController.swift in Sources */,
				7E0C8CB223BC9F5000FB482E /* AppDelegate.swift in Sources */,
				7E0C8CB423BC9F5000FB482E /* SceneDelegate.swift in Sources */,
			);
			runOnlyForDeploymentPostprocessing = 0;
		};
/* End PBXSourcesBuildPhase section */

/* Begin PBXVariantGroup section */
		7E0C8CB723BC9F5000FB482E /* Main.storyboard */ = {
			isa = PBXVariantGroup;
			children = (
				7E0C8CB823BC9F5000FB482E /* Base */,
			);
			name = Main.storyboard;
			sourceTree = "<group>";
		};
		7E0C8CBC23BC9F5100FB482E /* LaunchScreen.storyboard */ = {
			isa = PBXVariantGroup;
			children = (
				7E0C8CBD23BC9F5100FB482E /* Base */,
			);
			name = LaunchScreen.storyboard;
			sourceTree = "<group>";
		};
/* End PBXVariantGroup section */

/* Begin XCBuildConfiguration section */
		7E0C8CC023BC9F5100FB482E /* Debug */ = {
			isa = XCBuildConfiguration;
			buildSettings = {
				ALWAYS_SEARCH_USER_PATHS = NO;
				CLANG_ANALYZER_NONNULL = YES;
				CLANG_ANALYZER_NUMBER_OBJECT_CONVERSION = YES_AGGRESSIVE;
				CLANG_CXX_LANGUAGE_STANDARD = "gnu++14";
				CLANG_CXX_LIBRARY = "libc++";
				CLANG_ENABLE_MODULES = YES;
				CLANG_ENABLE_OBJC_ARC = YES;
				CLANG_ENABLE_OBJC_WEAK = YES;
				CLANG_WARN_BLOCK_CAPTURE_AUTORELEASING = YES;
				CLANG_WARN_BOOL_CONVERSION = YES;
				CLANG_WARN_COMMA = YES;
				CLANG_WARN_CONSTANT_CONVERSION = YES;
				CLANG_WARN_DEPRECATED_OBJC_IMPLEMENTATIONS = YES;
				CLANG_WARN_DIRECT_OBJC_ISA_USAGE = YES_ERROR;
				CLANG_WARN_DOCUMENTATION_COMMENTS = YES;
				CLANG_WARN_EMPTY_BODY = YES;
				CLANG_WARN_ENUM_CONVERSION = YES;
				CLANG_WARN_INFINITE_RECURSION = YES;
				CLANG_WARN_INT_CONVERSION = YES;
				CLANG_WARN_NON_LITERAL_NULL_CONVERSION = YES;
				CLANG_WARN_OBJC_IMPLICIT_RETAIN_SELF = YES;
				CLANG_WARN_OBJC_LITERAL_CONVERSION = YES;
				CLANG_WARN_OBJC_ROOT_CLASS = YES_ERROR;
				CLANG_WARN_RANGE_LOOP_ANALYSIS = YES;
				CLANG_WARN_STRICT_PROTOTYPES = YES;
				CLANG_WARN_SUSPICIOUS_MOVE = YES;
				CLANG_WARN_UNGUARDED_AVAILABILITY = YES_AGGRESSIVE;
				CLANG_WARN_UNREACHABLE_CODE = YES;
				CLANG_WARN__DUPLICATE_METHOD_MATCH = YES;
				COPY_PHASE_STRIP = NO;
				DEBUG_INFORMATION_FORMAT = dwarf;
				ENABLE_STRICT_OBJC_MSGSEND = YES;
				ENABLE_TESTABILITY = YES;
				GCC_C_LANGUAGE_STANDARD = gnu11;
				GCC_DYNAMIC_NO_PIC = NO;
				GCC_NO_COMMON_BLOCKS = YES;
				GCC_OPTIMIZATION_LEVEL = 0;
				GCC_PREPROCESSOR_DEFINITIONS = (
					"DEBUG=1",
					"$(inherited)",
				);
				GCC_WARN_64_TO_32_BIT_CONVERSION = YES;
				GCC_WARN_ABOUT_RETURN_TYPE = YES_ERROR;
				GCC_WARN_UNDECLARED_SELECTOR = YES;
				GCC_WARN_UNINITIALIZED_AUTOS = YES_AGGRESSIVE;
				GCC_WARN_UNUSED_FUNCTION = YES;
				GCC_WARN_UNUSED_VARIABLE = YES;
				IPHONEOS_DEPLOYMENT_TARGET = 13.2;
				MTL_ENABLE_DEBUG_INFO = INCLUDE_SOURCE;
				MTL_FAST_MATH = YES;
				ONLY_ACTIVE_ARCH = YES;
				SDKROOT = iphoneos;
				SWIFT_ACTIVE_COMPILATION_CONDITIONS = DEBUG;
				SWIFT_OPTIMIZATION_LEVEL = "-Onone";
			};
			name = Debug;
		};
		7E0C8CC123BC9F5100FB482E /* Release */ = {
			isa = XCBuildConfiguration;
			buildSettings = {
				ALWAYS_SEARCH_USER_PATHS = NO;
				CLANG_ANALYZER_NONNULL = YES;
				CLANG_ANALYZER_NUMBER_OBJECT_CONVERSION = YES_AGGRESSIVE;
				CLANG_CXX_LANGUAGE_STANDARD = "gnu++14";
				CLANG_CXX_LIBRARY = "libc++";
				CLANG_ENABLE_MODULES = YES;
				CLANG_ENABLE_OBJC_ARC = YES;
				CLANG_ENABLE_OBJC_WEAK = YES;
				CLANG_WARN_BLOCK_CAPTURE_AUTORELEASING = YES;
				CLANG_WARN_BOOL_CONVERSION = YES;
				CLANG_WARN_COMMA = YES;
				CLANG_WARN_CONSTANT_CONVERSION = YES;
				CLANG_WARN_DEPRECATED_OBJC_IMPLEMENTATIONS = YES;
				CLANG_WARN_DIRECT_OBJC_ISA_USAGE = YES_ERROR;
				CLANG_WARN_DOCUMENTATION_COMMENTS = YES;
				CLANG_WARN_EMPTY_BODY = YES;
				CLANG_WARN_ENUM_CONVERSION = YES;
				CLANG_WARN_INFINITE_RECURSION = YES;
				CLANG_WARN_INT_CONVERSION = YES;
				CLANG_WARN_NON_LITERAL_NULL_CONVERSION = YES;
				CLANG_WARN_OBJC_IMPLICIT_RETAIN_SELF = YES;
				CLANG_WARN_OBJC_LITERAL_CONVERSION = YES;
				CLANG_WARN_OBJC_ROOT_CLASS = YES_ERROR;
				CLANG_WARN_RANGE_LOOP_ANALYSIS = YES;
				CLANG_WARN_STRICT_PROTOTYPES = YES;
				CLANG_WARN_SUSPICIOUS_MOVE = YES;
				CLANG_WARN_UNGUARDED_AVAILABILITY = YES_AGGRESSIVE;
				CLANG_WARN_UNREACHABLE_CODE = YES;
				CLANG_WARN__DUPLICATE_METHOD_MATCH = YES;
				COPY_PHASE_STRIP = NO;
				DEBUG_INFORMATION_FORMAT = "dwarf-with-dsym";
				ENABLE_NS_ASSERTIONS = NO;
				ENABLE_STRICT_OBJC_MSGSEND = YES;
				GCC_C_LANGUAGE_STANDARD = gnu11;
				GCC_NO_COMMON_BLOCKS = YES;
				GCC_WARN_64_TO_32_BIT_CONVERSION = YES;
				GCC_WARN_ABOUT_RETURN_TYPE = YES_ERROR;
				GCC_WARN_UNDECLARED_SELECTOR = YES;
				GCC_WARN_UNINITIALIZED_AUTOS = YES_AGGRESSIVE;
				GCC_WARN_UNUSED_FUNCTION = YES;
				GCC_WARN_UNUSED_VARIABLE = YES;
				IPHONEOS_DEPLOYMENT_TARGET = 13.2;
				MTL_ENABLE_DEBUG_INFO = NO;
				MTL_FAST_MATH = YES;
				SDKROOT = iphoneos;
				SWIFT_COMPILATION_MODE = wholemodule;
				SWIFT_OPTIMIZATION_LEVEL = "-O";
				VALIDATE_PRODUCT = YES;
			};
			name = Release;
		};
		7E0C8CC323BC9F5100FB482E /* Debug */ = {
			isa = XCBuildConfiguration;
			buildSettings = {
				ASSETCATALOG_COMPILER_APPICON_NAME = AppIcon;
				CODE_SIGN_STYLE = Automatic;
				DEVELOPMENT_TEAM = R9G33E665C;
				INFOPLIST_FILE = "DR Aid/Info.plist";
				LD_RUNPATH_SEARCH_PATHS = (
					"$(inherited)",
					"@executable_path/Frameworks",
				);
				PRODUCT_BUNDLE_IDENTIFIER = "com.gregwu.DR-Aid";
				PRODUCT_NAME = "$(TARGET_NAME)";
				SWIFT_VERSION = 5.0;
				TARGETED_DEVICE_FAMILY = 1;
			};
			name = Debug;
		};
		7E0C8CC423BC9F5100FB482E /* Release */ = {
			isa = XCBuildConfiguration;
			buildSettings = {
				ASSETCATALOG_COMPILER_APPICON_NAME = AppIcon;
				CODE_SIGN_STYLE = Automatic;
				DEVELOPMENT_TEAM = R9G33E665C;
				INFOPLIST_FILE = "DR Aid/Info.plist";
				LD_RUNPATH_SEARCH_PATHS = (
					"$(inherited)",
					"@executable_path/Frameworks",
				);
				PRODUCT_BUNDLE_IDENTIFIER = "com.gregwu.DR-Aid";
				PRODUCT_NAME = "$(TARGET_NAME)";
				SWIFT_VERSION = 5.0;
				TARGETED_DEVICE_FAMILY = 1;
			};
			name = Release;
		};
/* End XCBuildConfiguration section */

/* Begin XCConfigurationList section */
		7E0C8CA923BC9F5000FB482E /* Build configuration list for PBXProject "DR Aid" */ = {
			isa = XCConfigurationList;
			buildConfigurations = (
				7E0C8CC023BC9F5100FB482E /* Debug */,
				7E0C8CC123BC9F5100FB482E /* Release */,
			);
			defaultConfigurationIsVisible = 0;
			defaultConfigurationName = Release;
		};
		7E0C8CC223BC9F5100FB482E /* Build configuration list for PBXNativeTarget "DR Aid" */ = {
			isa = XCConfigurationList;
			buildConfigurations = (
				7E0C8CC323BC9F5100FB482E /* Debug */,
				7E0C8CC423BC9F5100FB482E /* Release */,
			);
			defaultConfigurationIsVisible = 0;
			defaultConfigurationName = Release;
		};
/* End XCConfigurationList section */
	};
	rootObject = 7E0C8CA623BC9F5000FB482E /* Project object */;
}
